{
  "version": "3",
  "packages": {
    "specifiers": {
      "jsr:@maxim-mazurok/sax-ts@1.2.13": "jsr:@maxim-mazurok/sax-ts@1.2.13",
      "jsr:@mikaelporttila/rss": "jsr:@mikaelporttila/rss@1.1.1"
    },
    "jsr": {
      "@maxim-mazurok/sax-ts@1.2.13": {
        "integrity": "9f2f9a3ac1b142400940a4c9e916656fe63d4710a78102aeb8e08e863de2c76d"
      },
      "@mikaelporttila/rss@1.1.1": {
        "integrity": "f07d7a5a269398f00efd6913d14a92defa55bcb66a4de196a5a5c99ec9df4b8b",
        "dependencies": [
          "jsr:@maxim-mazurok/sax-ts@1.2.13"
        ]
      }
    }
  },
  "remote": {
    "https://deno.land/std@0.100.0/_util/assert.ts": "2f868145a042a11d5ad0a3c748dcf580add8a0dbc0e876eaa0026303a5488f58",
    "https://deno.land/std@0.100.0/flags/mod.ts": "0994240ad009980e46bc3bb1314e9469c7241617e4345b27afc82097fdbef841",
    "https://deno.land/x/ptera@v1.0.2/constants.ts": "61659e7f70136d73e0215d373fa815427f424a8b1596bf88ba62da4f542b4c2a",
    "https://deno.land/x/ptera@v1.0.2/convert.ts": "f4251fd3f46b7924fc70f2e81c13eeee9123897478b309e3117cc8b421386c81",
    "https://deno.land/x/ptera@v1.0.2/datetime.ts": "fd6bd0e6bc8cb6ddd21416d7f9bde6fca93d0a6de17dfad676ce79af1cd667a3",
    "https://deno.land/x/ptera@v1.0.2/diff.ts": "262cacd353e4feb923ae17845bcbd4368eeeb0e6557fc0d9069c7adfd920e080",
    "https://deno.land/x/ptera@v1.0.2/format.ts": "d56ee7bbf56bc19976197e1bf15f1d182a00a190c3103a6e544f0fd2f14d3ff6",
    "https://deno.land/x/ptera@v1.0.2/local_time.ts": "3836e80d81f1d4ba40fa266632076e0159cc58d1e2ffc23fccfb5249e1c5b780",
    "https://deno.land/x/ptera@v1.0.2/locale.ts": "ec9ef85d52f525e9cdb770dc391841d9ef6a72e84f88eff3c4114da7d0a986d1",
    "https://deno.land/x/ptera@v1.0.2/mod.ts": "741221c4e7c972d0d0a7745464dcd87611f41729d923b1e40f57ce24c44ae98b",
    "https://deno.land/x/ptera@v1.0.2/parse_date.ts": "51ba2b0917ef9015316b84072766286fd693df553930dfb52e024eb441c19d16",
    "https://deno.land/x/ptera@v1.0.2/timezone.ts": "4871b64bb0d5e01a968c51dbc34e724a5526149acfb5097f410dfb970bf505cb",
    "https://deno.land/x/ptera@v1.0.2/types.ts": "24b378ccf1f8e1783022ffe96312ef7c12deb39a62aa33832a3c3555954e663b",
    "https://deno.land/x/ptera@v1.0.2/utils.ts": "1651c7740fef85901af34bbfcd8d9bd467a4313b5a4d5074e2603f989f1ee77a",
    "https://deno.land/x/ptera@v1.0.2/zoned_time.ts": "d0578c18b534625c157eaea6daa88c71708b801f03793a05bc48ba492044191e"
  },
  "workspace": {
    "dependencies": [
      "jsr:@mikaelporttila/rss@^1.1.1"
    ],
    "packageJson": {
      "dependencies": [
        "npm:@johnfoderaro/apaw@^1.0.1",
        "npm:postcss-cli@^10.1.0",
        "npm:postcss@^8.4.27",
        "npm:tailwindcss@^3.3.3",
        "npm:textlint-filter-rule-comments@^1.2.2",
        "npm:textlint-filter-rule-whitelist@^2.0.0",
        "npm:textlint-rule-preset-ja-technical-writing@^8.0.0",
        "npm:textlint-rule-preset-jtf-style@^2.3.13",
        "npm:textlint-rule-prh@^5.3.0",
        "npm:textlint@^13.3.3"
      ]
    }
  }
}
