github.com/meganii/gohugo-template-tailwindcss v0.0.0-20230813014244-1c3cd4102729 h1:KbRdF28xzbz8HBp9oedBUvsicKm4v4bWoyVaQn6iwNM=
github.com/meganii/gohugo-template-tailwindcss v0.0.0-20230813014244-1c3cd4102729/go.mod h1:peRRQ42/ShQ7rzdTMQjpVOOHFGWQCX/0KFucK1aNg1I=
github.com/meganii/gohugo-template-tailwindcss v0.0.0-20231119011709-312ae6e1ee3e h1:CsMgLQRmlfTTrUJZoP43HYgXHplawcY5ks37NOEQih0=
github.com/meganii/gohugo-template-tailwindcss v0.0.0-20231119011709-312ae6e1ee3e/go.mod h1:peRRQ42/ShQ7rzdTMQjpVOOHFGWQCX/0KFucK1aNg1I=
github.com/meganii/gohugo-template-tailwindcss v0.0.0-20231119104451-9ea9ab2ca0d1 h1:euOt2mVbhS5HOqIqBHzhMeSlEth5J4iBKISWhzbATZQ=
github.com/meganii/gohugo-template-tailwindcss v0.0.0-20231119104451-9ea9ab2ca0d1/go.mod h1:peRRQ42/ShQ7rzdTMQjpVOOHFGWQCX/0KFucK1aNg1I=
