github.com/meganii/affiliate-data v0.0.0-20250427083120-bd10a425fa16 h1:rxbTv0iwvzn8kVn/5zbA3Py06VkZ044FiT6n51+9c6g=
github.com/meganii/affiliate-data v0.0.0-20250427083120-bd10a425fa16/go.mod h1:OMMSDMDhY0zB2/Fa0F2orCDMK1lu90+X2s4e4/qvKlA=
github.com/meganii/amazon-product-data v0.0.0-20250427083805-ef3a777c1dd0 h1:xbpQ+BNLaE2n5hnnEjtfxgQJuMWPF/Sr1FotTC60ywU=
github.com/meganii/amazon-product-data v0.0.0-20250427083805-ef3a777c1dd0/go.mod h1:6HyvhuC+mAZ4seCr6Mz1MaZraK+TcLdwcXJ0jPqPoNQ=
github.com/meganii/gohugo-template-tailwindcss v0.0.0-20260114123550-2d69c9b1aeb7 h1:6MJ6Cv3Cd4rROwwVEHn4lrKMH2SQitQeG7DA5h/9GOU=
github.com/meganii/gohugo-template-tailwindcss v0.0.0-20260114123550-2d69c9b1aeb7/go.mod h1:peRRQ42/ShQ7rzdTMQjpVOOHFGWQCX/0KFucK1aNg1I=
github.com/meganii/tweet-data v0.0.0-20250427084109-b3fe42983407 h1:QS7CvCdGsUO3R5KJ0fJYgY2J1jEgKU7Ae5s2CSi6Bzs=
github.com/meganii/tweet-data v0.0.0-20250427084109-b3fe42983407/go.mod h1:RtI2UWpUNomjxHz8e0zCN7E/Myan71EaZDuvPrdX48s=
github.com/meganii/vault-content v0.0.0-20260114223641-41dd19dd8de0 h1:z9jkwROpS9RmCa9QRzmn/3+q0mnWmoJMnPZu70s6SAc=
github.com/meganii/vault-content v0.0.0-20260114223641-41dd19dd8de0/go.mod h1:NC5LTxsTVAxoOe1DgoWoUjQ7GeIG9+X7O2jsV0SgXYE=
