github.com/meganii/gohugo-template-tailwindcss v0.0.0-20231119114932-d655c323c884 h1:bRCYZ4PpYlIYbKVx9kftvPTkTDZm0kZep+saLmy5iBk=
github.com/meganii/gohugo-template-tailwindcss v0.0.0-20231119114932-d655c323c884/go.mod h1:peRRQ42/ShQ7rzdTMQjpVOOHFGWQCX/0KFucK1aNg1I=
github.com/meganii/gohugo-template-tailwindcss v0.0.0-20231123134148-5cea5ff486ea h1:9LRCY0VR2ZaIHdo0oIRHWwenSAgFDt/1koBx3zr7AxQ=
github.com/meganii/gohugo-template-tailwindcss v0.0.0-20231123134148-5cea5ff486ea/go.mod h1:peRRQ42/ShQ7rzdTMQjpVOOHFGWQCX/0KFucK1aNg1I=
